
Microsoft Visual Studio Solution File, Format Version 12.00
# Visual Studio 14
VisualStudioVersion = 14.0.25420.1
MinimumVisualStudioVersion = 10.0.40219.1
Project("{2150E333-8FDC-42A3-9474-1A3956D46DE8}") = "src", "src", "{3AECBC9B-A320-438B-8872-41784AC1DC94}"
EndProject
Project("{2150E333-8FDC-42A3-9474-1A3956D46DE8}") = "Solution Items", "Solution Items", "{4EC58E6A-1DE7-4856-A6C4-272065391D47}"
	ProjectSection(SolutionItems) = preProject
		global.json = global.json
	EndProjectSection
EndProject
Project("{8BB2217D-0F2D-49D1-97BC-3654ED321F3B}") = "Texter", "src\Texter\Texter.xproj", "{092A5D51-BA7F-4018-9D49-D36C566C09FD}"
EndProject
Global
	GlobalSection(SolutionConfigurationPlatforms) = preSolution
		Debug|Any CPU = Debug|Any CPU
		Release|Any CPU = Release|Any CPU
	EndGlobalSection
	GlobalSection(ProjectConfigurationPlatforms) = postSolution
		{092A5D51-BA7F-4018-9D49-D36C566C09FD}.Debug|Any CPU.ActiveCfg = Debug|Any CPU
		{092A5D51-BA7F-4018-9D49-D36C566C09FD}.Debug|Any CPU.Build.0 = Debug|Any CPU
		{092A5D51-BA7F-4018-9D49-D36C566C09FD}.Release|Any CPU.ActiveCfg = Release|Any CPU
		{092A5D51-BA7F-4018-9D49-D36C566C09FD}.Release|Any CPU.Build.0 = Release|Any CPU
	EndGlobalSection
	GlobalSection(SolutionProperties) = preSolution
		HideSolutionNode = FALSE
	EndGlobalSection
	GlobalSection(NestedProjects) = preSolution
		{092A5D51-BA7F-4018-9D49-D36C566C09FD} = {3AECBC9B-A320-438B-8872-41784AC1DC94}
	EndGlobalSection
EndGlobal
